
Microsoft Visual Studio Solution File, Format Version 12.00
# Visual Studio Version 17
VisualStudioVersion = 17.5.002.0
MinimumVisualStudioVersion = 10.0.40219.1
Project("{9A19103F-16F7-4668-BE54-9A1E7A4F7556}") = "8-Game_Developer", "8-Game_Developer.csproj", "{D40521C6-0C48-44B5-A6AE-CAD8D9418AAC}"
EndProject
Global
	GlobalSection(SolutionConfigurationPlatforms) = preSolution
		Debug|Any CPU = Debug|Any CPU
		Release|Any CPU = Release|Any CPU
	EndGlobalSection
	GlobalSection(ProjectConfigurationPlatforms) = postSolution
		{D40521C6-0C48-44B5-A6AE-CAD8D9418AAC}.Debug|Any CPU.ActiveCfg = Debug|Any CPU
		{D40521C6-0C48-44B5-A6AE-CAD8D9418AAC}.Debug|Any CPU.Build.0 = Debug|Any CPU
		{D40521C6-0C48-44B5-A6AE-CAD8D9418AAC}.Release|Any CPU.ActiveCfg = Release|Any CPU
		{D40521C6-0C48-44B5-A6AE-CAD8D9418AAC}.Release|Any CPU.Build.0 = Release|Any CPU
	EndGlobalSection
	GlobalSection(SolutionProperties) = preSolution
		HideSolutionNode = FALSE
	EndGlobalSection
	GlobalSection(ExtensibilityGlobals) = postSolution
		SolutionGuid = {7E7BB73D-C983-41F7-9B9B-E6EC7CCB7B52}
	EndGlobalSection
EndGlobal
